// !$*UTF8*$!
{
	archiveVersion = 1;
	classes = {
	};
	objectVersion = 60;
	objects = {

/* Begin PBXBuildFile section */
		30BE568E2FCEBD7800ED4307 /* CustomCells.swift in Sources */ = {isa = PBXBuildFile; fileRef = 30BE564A2FCEBD7800ED4307 /* CustomCells.swift */; };
		30BE568F2FCEBD7800ED4307 /* SharedComponents.swift in Sources */ = {isa = PBXBuildFile; fileRef = 30BE564B2FCEBD7800ED4307 /* SharedComponents.swift */; };
		30BE56902FCEBD7800ED4307 /* TagFilterBar.swift in Sources */ = {isa = PBXBuildFile; fileRef = 30BE564C2FCEBD7800ED4307 /* TagFilterBar.swift */; };
		30BE56912FCEBD7800ED4307 /* Notification+Extensions.swift in Sources */ = {isa = PBXBuildFile; fileRef = 30BE564E2FCEBD7800ED4307 /* Notification+Extensions.swift */; };
		30BE56922FCEBD7800ED4307 /* Models.swift in Sources */ = {isa = PBXBuildFile; fileRef = 30BE56502FCEBD7800ED4307 /* Models.swift */; };
		30BE56932FCEBD7800ED4307 /* AppStorage.swift in Sources */ = {isa = PBXBuildFile; fileRef = 30BE56522FCEBD7800ED4307 /* AppStorage.swift */; };
		30BE56942FCEBD7800ED4307 /* AppAppearance.swift in Sources */ = {isa = PBXBuildFile; fileRef = 30BE56542FCEBD7800ED4307 /* AppAppearance.swift */; };
		30BE56952FCEBD7800ED4307 /* AppDesignSystem.swift in Sources */ = {isa = PBXBuildFile; fileRef = 30BE56552FCEBD7800ED4307 /* AppDesignSystem.swift */; };
		30BE56962FCEBD7800ED4307 /* AppLegalLinks.swift in Sources */ = {isa = PBXBuildFile; fileRef = 30BE56562FCEBD7800ED4307 /* AppLegalLinks.swift */; };
		30BE56972FCEBD7800ED4307 /* HapticManager.swift in Sources */ = {isa = PBXBuildFile; fileRef = 30BE56572FCEBD7800ED4307 /* HapticManager.swift */; };
		30BE56982FCEBD7800ED4307 /* PatternBackground.swift in Sources */ = {isa = PBXBuildFile; fileRef = 30BE56582FCEBD7800ED4307 /* PatternBackground.swift */; };
		30BE56992FCEBD7800ED4307 /* ScreenStyles.swift in Sources */ = {isa = PBXBuildFile; fileRef = 30BE56592FCEBD7800ED4307 /* ScreenStyles.swift */; };
		30BE569A2FCEBD7800ED4307 /* ShakeEffect.swift in Sources */ = {isa = PBXBuildFile; fileRef = 30BE565A2FCEBD7800ED4307 /* ShakeEffect.swift */; };
		30BE569B2FCEBD7800ED4307 /* SM2Scheduler.swift in Sources */ = {isa = PBXBuildFile; fileRef = 30BE565B2FCEBD7800ED4307 /* SM2Scheduler.swift */; };
		30BE569C2FCEBD7800ED4307 /* SoundManager.swift in Sources */ = {isa = PBXBuildFile; fileRef = 30BE565C2FCEBD7800ED4307 /* SoundManager.swift */; };
		30BE569D2FCEBD7800ED4307 /* AchievementsView.swift in Sources */ = {isa = PBXBuildFile; fileRef = 30BE565F2FCEBD7800ED4307 /* AchievementsView.swift */; };
		30BE569E2FCEBD7800ED4307 /* AddTopicSheet.swift in Sources */ = {isa = PBXBuildFile; fileRef = 30BE56612FCEBD7800ED4307 /* AddTopicSheet.swift */; };
		30BE569F2FCEBD7800ED4307 /* ConceptExplorerView.swift in Sources */ = {isa = PBXBuildFile; fileRef = 30BE56622FCEBD7800ED4307 /* ConceptExplorerView.swift */; };
		30BE56A02FCEBD7800ED4307 /* ConceptExplorerViewModel.swift in Sources */ = {isa = PBXBuildFile; fileRef = 30BE56632FCEBD7800ED4307 /* ConceptExplorerViewModel.swift */; };
		30BE56A12FCEBD7800ED4307 /* EditTopicSheet.swift in Sources */ = {isa = PBXBuildFile; fileRef = 30BE56642FCEBD7800ED4307 /* EditTopicSheet.swift */; };
		30BE56A22FCEBD7800ED4307 /* ConceptMapView.swift in Sources */ = {isa = PBXBuildFile; fileRef = 30BE56662FCEBD7800ED4307 /* ConceptMapView.swift */; };
		30BE56A32FCEBD7800ED4307 /* ConceptQuizView.swift in Sources */ = {isa = PBXBuildFile; fileRef = 30BE56682FCEBD7800ED4307 /* ConceptQuizView.swift */; };
		30BE56A42FCEBD7800ED4307 /* ConceptQuizViewModel.swift in Sources */ = {isa = PBXBuildFile; fileRef = 30BE56692FCEBD7800ED4307 /* ConceptQuizViewModel.swift */; };
		30BE56A52FCEBD7800ED4307 /* QuizHistoryView.swift in Sources */ = {isa = PBXBuildFile; fileRef = 30BE566A2FCEBD7800ED4307 /* QuizHistoryView.swift */; };
		30BE56A62FCEBD7800ED4307 /* WeeklyGoalsView.swift in Sources */ = {isa = PBXBuildFile; fileRef = 30BE566C2FCEBD7800ED4307 /* WeeklyGoalsView.swift */; };
		30BE56A72FCEBD7800ED4307 /* HomeView.swift in Sources */ = {isa = PBXBuildFile; fileRef = 30BE566E2FCEBD7800ED4307 /* HomeView.swift */; };
		30BE56A82FCEBD7800ED4307 /* StudyInsightsView.swift in Sources */ = {isa = PBXBuildFile; fileRef = 30BE56702FCEBD7800ED4307 /* StudyInsightsView.swift */; };
		30BE56A92FCEBD7800ED4307 /* MainTabView.swift in Sources */ = {isa = PBXBuildFile; fileRef = 30BE56722FCEBD7800ED4307 /* MainTabView.swift */; };
		30BE56AA2FCEBD7800ED4307 /* OnboardingView.swift in Sources */ = {isa = PBXBuildFile; fileRef = 30BE56742FCEBD7800ED4307 /* OnboardingView.swift */; };
		30BE56AB2FCEBD7800ED4307 /* QuickReviewView.swift in Sources */ = {isa = PBXBuildFile; fileRef = 30BE56762FCEBD7800ED4307 /* QuickReviewView.swift */; };
		30BE56AC2FCEBD7800ED4307 /* ReviewDueTodayView.swift in Sources */ = {isa = PBXBuildFile; fileRef = 30BE56772FCEBD7800ED4307 /* ReviewDueTodayView.swift */; };
		30BE56AD2FCEBD7800ED4307 /* SettingsView.swift in Sources */ = {isa = PBXBuildFile; fileRef = 30BE56792FCEBD7800ED4307 /* SettingsView.swift */; };
		30BE56AE2FCEBD7800ED4307 /* StudyHubView.swift in Sources */ = {isa = PBXBuildFile; fileRef = 30BE567B2FCEBD7800ED4307 /* StudyHubView.swift */; };
		30BE56AF2FCEBD7800ED4307 /* TopicProgressView.swift in Sources */ = {isa = PBXBuildFile; fileRef = 30BE567D2FCEBD7800ED4307 /* TopicProgressView.swift */; };
		30BE56B02FCEBD7800ED4307 /* TopicProgressViewModel.swift in Sources */ = {isa = PBXBuildFile; fileRef = 30BE567E2FCEBD7800ED4307 /* TopicProgressViewModel.swift */; };
		30BE56B12FCEBD7800ED4307 /* AppDelegate.swift in Sources */ = {isa = PBXBuildFile; fileRef = 30BE56832FCEBD7800ED4307 /* AppDelegate.swift */; };
		30BE56B22FCEBD7800ED4307 /* ContentView.swift in Sources */ = {isa = PBXBuildFile; fileRef = 30BE56852FCEBD7800ED4307 /* ContentView.swift */; };
		30BE56B32FCEBD7800ED4307 /* SceneDelegate.swift in Sources */ = {isa = PBXBuildFile; fileRef = 30BE568B2FCEBD7800ED4307 /* SceneDelegate.swift */; };
		30BE56B42FCEBD7800ED4307 /* ViewController.swift in Sources */ = {isa = PBXBuildFile; fileRef = 30BE568C2FCEBD7800ED4307 /* ViewController.swift */; };
		30BE56B52FCEBD7800ED4307 /* privacy_policy.md in Resources */ = {isa = PBXBuildFile; fileRef = 30BE56812FCEBD7800ED4307 /* privacy_policy.md */; };
		30BE56B62FCEBD7800ED4307 /* Assets.xcassets in Resources */ = {isa = PBXBuildFile; fileRef = 30BE56842FCEBD7800ED4307 /* Assets.xcassets */; };
		30BE56B82FCEBD7800ED4307 /* LaunchScreen.storyboard in Resources */ = {isa = PBXBuildFile; fileRef = 30BE56882FCEBD7800ED4307 /* LaunchScreen.storyboard */; };
		30BE56B92FCEBD7800ED4307 /* Main.storyboard in Resources */ = {isa = PBXBuildFile; fileRef = 30BE568A2FCEBD7800ED4307 /* Main.storyboard */; };
		37DC6DB82FD579D20003A2AA /* PrivacyModels.swift in Sources */ = {isa = PBXBuildFile; fileRef = 37DC6DB72FD579C20003A2AA /* PrivacyModels.swift */; };
		37DC6DBA2FD579E20003A2AA /* PrivacyServices.swift in Sources */ = {isa = PBXBuildFile; fileRef = 37DC6DB92FD579D80003A2AA /* PrivacyServices.swift */; };
		37DC6DBC2FD579F10003A2AA /* PrivacyUpdateManager.swift in Sources */ = {isa = PBXBuildFile; fileRef = 37DC6DBB2FD579E50003A2AA /* PrivacyUpdateManager.swift */; };
		37DC6DBE2FD579FE0003A2AA /* PrivacyView.swift in Sources */ = {isa = PBXBuildFile; fileRef = 37DC6DBD2FD579F90003A2AA /* PrivacyView.swift */; };
		37DC6DC12FD57A5D0003A2AA /* Alamofire in Frameworks */ = {isa = PBXBuildFile; productRef = 37DC6DC02FD57A5D0003A2AA /* Alamofire */; };
		37DC6DC42FD57A730003A2AA /* AppsFlyerLib-Static in Frameworks */ = {isa = PBXBuildFile; productRef = 37DC6DC32FD57A730003A2AA /* AppsFlyerLib-Static */; };
		37DC6DC72FD57BA40003A2AA /* EndlessAvenueMainView.swift in Sources */ = {isa = PBXBuildFile; fileRef = 37DC6DC62FD57BA30003A2AA /* EndlessAvenueMainView.swift */; };
/* End PBXBuildFile section */

/* Begin PBXFileReference section */
		2DCFC149926CE4F4B8A9CD27 /* Pods-203EndlessAvenue.debug.xcconfig */ = {isa = PBXFileReference; includeInIndex = 1; lastKnownFileType = text.xcconfig; name = "Pods-203EndlessAvenue.debug.xcconfig"; path = "Target Support Files/Pods-203EndlessAvenue/Pods-203EndlessAvenue.debug.xcconfig"; sourceTree = "<group>"; };
		30BE55AC2FCE15BA00ED4307 /* 203EndlessAvenue.app */ = {isa = PBXFileReference; explicitFileType = wrapper.application; includeInIndex = 0; path = 203EndlessAvenue.app; sourceTree = BUILT_PRODUCTS_DIR; };
		30BE564A2FCEBD7800ED4307 /* CustomCells.swift */ = {isa = PBXFileReference; lastKnownFileType = sourcecode.swift; path = CustomCells.swift; sourceTree = "<group>"; };
		30BE564B2FCEBD7800ED4307 /* SharedComponents.swift */ = {isa = PBXFileReference; lastKnownFileType = sourcecode.swift; path = SharedComponents.swift; sourceTree = "<group>"; };
		30BE564C2FCEBD7800ED4307 /* TagFilterBar.swift */ = {isa = PBXFileReference; lastKnownFileType = sourcecode.swift; path = TagFilterBar.swift; sourceTree = "<group>"; };
		30BE564E2FCEBD7800ED4307 /* Notification+Extensions.swift */ = {isa = PBXFileReference; lastKnownFileType = sourcecode.swift; path = "Notification+Extensions.swift"; sourceTree = "<group>"; };
		30BE56502FCEBD7800ED4307 /* Models.swift */ = {isa = PBXFileReference; lastKnownFileType = sourcecode.swift; path = Models.swift; sourceTree = "<group>"; };
		30BE56522FCEBD7800ED4307 /* AppStorage.swift */ = {isa = PBXFileReference; lastKnownFileType = sourcecode.swift; path = AppStorage.swift; sourceTree = "<group>"; };
		30BE56542FCEBD7800ED4307 /* AppAppearance.swift */ = {isa = PBXFileReference; lastKnownFileType = sourcecode.swift; path = AppAppearance.swift; sourceTree = "<group>"; };
		30BE56552FCEBD7800ED4307 /* AppDesignSystem.swift */ = {isa = PBXFileReference; lastKnownFileType = sourcecode.swift; path = AppDesignSystem.swift; sourceTree = "<group>"; };
		30BE56562FCEBD7800ED4307 /* AppLegalLinks.swift */ = {isa = PBXFileReference; lastKnownFileType = sourcecode.swift; path = AppLegalLinks.swift; sourceTree = "<group>"; };
		30BE56572FCEBD7800ED4307 /* HapticManager.swift */ = {isa = PBXFileReference; lastKnownFileType = sourcecode.swift; path = HapticManager.swift; sourceTree = "<group>"; };
		30BE56582FCEBD7800ED4307 /* PatternBackground.swift */ = {isa = PBXFileReference; lastKnownFileType = sourcecode.swift; path = PatternBackground.swift; sourceTree = "<group>"; };
		30BE56592FCEBD7800ED4307 /* ScreenStyles.swift */ = {isa = PBXFileReference; lastKnownFileType = sourcecode.swift; path = ScreenStyles.swift; sourceTree = "<group>"; };
		30BE565A2FCEBD7800ED4307 /* ShakeEffect.swift */ = {isa = PBXFileReference; lastKnownFileType = sourcecode.swift; path = ShakeEffect.swift; sourceTree = "<group>"; };
		30BE565B2FCEBD7800ED4307 /* SM2Scheduler.swift */ = {isa = PBXFileReference; lastKnownFileType = sourcecode.swift; path = SM2Scheduler.swift; sourceTree = "<group>"; };
		30BE565C2FCEBD7800ED4307 /* SoundManager.swift */ = {isa = PBXFileReference; lastKnownFileType = sourcecode.swift; path = SoundManager.swift; sourceTree = "<group>"; };
		30BE565F2FCEBD7800ED4307 /* AchievementsView.swift */ = {isa = PBXFileReference; lastKnownFileType = sourcecode.swift; path = AchievementsView.swift; sourceTree = "<group>"; };
		30BE56612FCEBD7800ED4307 /* AddTopicSheet.swift */ = {isa = PBXFileReference; lastKnownFileType = sourcecode.swift; path = AddTopicSheet.swift; sourceTree = "<group>"; };
		30BE56622FCEBD7800ED4307 /* ConceptExplorerView.swift */ = {isa = PBXFileReference; lastKnownFileType = sourcecode.swift; path = ConceptExplorerView.swift; sourceTree = "<group>"; };
		30BE56632FCEBD7800ED4307 /* ConceptExplorerViewModel.swift */ = {isa = PBXFileReference; lastKnownFileType = sourcecode.swift; path = ConceptExplorerViewModel.swift; sourceTree = "<group>"; };
		30BE56642FCEBD7800ED4307 /* EditTopicSheet.swift */ = {isa = PBXFileReference; lastKnownFileType = sourcecode.swift; path = EditTopicSheet.swift; sourceTree = "<group>"; };
		30BE56662FCEBD7800ED4307 /* ConceptMapView.swift */ = {isa = PBXFileReference; lastKnownFileType = sourcecode.swift; path = ConceptMapView.swift; sourceTree = "<group>"; };
		30BE56682FCEBD7800ED4307 /* ConceptQuizView.swift */ = {isa = PBXFileReference; lastKnownFileType = sourcecode.swift; path = ConceptQuizView.swift; sourceTree = "<group>"; };
		30BE56692FCEBD7800ED4307 /* ConceptQuizViewModel.swift */ = {isa = PBXFileReference; lastKnownFileType = sourcecode.swift; path = ConceptQuizViewModel.swift; sourceTree = "<group>"; };
		30BE566A2FCEBD7800ED4307 /* QuizHistoryView.swift */ = {isa = PBXFileReference; lastKnownFileType = sourcecode.swift; path = QuizHistoryView.swift; sourceTree = "<group>"; };
		30BE566C2FCEBD7800ED4307 /* WeeklyGoalsView.swift */ = {isa = PBXFileReference; lastKnownFileType = sourcecode.swift; path = WeeklyGoalsView.swift; sourceTree = "<group>"; };
		30BE566E2FCEBD7800ED4307 /* HomeView.swift */ = {isa = PBXFileReference; lastKnownFileType = sourcecode.swift; path = HomeView.swift; sourceTree = "<group>"; };
		30BE56702FCEBD7800ED4307 /* StudyInsightsView.swift */ = {isa = PBXFileReference; lastKnownFileType = sourcecode.swift; path = StudyInsightsView.swift; sourceTree = "<group>"; };
		30BE56722FCEBD7800ED4307 /* MainTabView.swift */ = {isa = PBXFileReference; lastKnownFileType = sourcecode.swift; path = MainTabView.swift; sourceTree = "<group>"; };
		30BE56742FCEBD7800ED4307 /* OnboardingView.swift */ = {isa = PBXFileReference; lastKnownFileType = sourcecode.swift; path = OnboardingView.swift; sourceTree = "<group>"; };
		30BE56762FCEBD7800ED4307 /* QuickReviewView.swift */ = {isa = PBXFileReference; lastKnownFileType = sourcecode.swift; path = QuickReviewView.swift; sourceTree = "<group>"; };
		30BE56772FCEBD7800ED4307 /* ReviewDueTodayView.swift */ = {isa = PBXFileReference; lastKnownFileType = sourcecode.swift; path = ReviewDueTodayView.swift; sourceTree = "<group>"; };
		30BE56792FCEBD7800ED4307 /* SettingsView.swift */ = {isa = PBXFileReference; lastKnownFileType = sourcecode.swift; path = SettingsView.swift; sourceTree = "<group>"; };
		30BE567B2FCEBD7800ED4307 /* StudyHubView.swift */ = {isa = PBXFileReference; lastKnownFileType = sourcecode.swift; path = StudyHubView.swift; sourceTree = "<group>"; };
		30BE567D2FCEBD7800ED4307 /* TopicProgressView.swift */ = {isa = PBXFileReference; lastKnownFileType = sourcecode.swift; path = TopicProgressView.swift; sourceTree = "<group>"; };
		30BE567E2FCEBD7800ED4307 /* TopicProgressViewModel.swift */ = {isa = PBXFileReference; lastKnownFileType = sourcecode.swift; path = TopicProgressViewModel.swift; sourceTree = "<group>"; };
		30BE56812FCEBD7800ED4307 /* privacy_policy.md */ = {isa = PBXFileReference; lastKnownFileType = net.daringfireball.markdown; path = privacy_policy.md; sourceTree = "<group>"; };
		30BE56832FCEBD7800ED4307 /* AppDelegate.swift */ = {isa = PBXFileReference; lastKnownFileType = sourcecode.swift; path = AppDelegate.swift; sourceTree = "<group>"; };
		30BE56842FCEBD7800ED4307 /* Assets.xcassets */ = {isa = PBXFileReference; lastKnownFileType = folder.assetcatalog; path = Assets.xcassets; sourceTree = "<group>"; };
		30BE56852FCEBD7800ED4307 /* ContentView.swift */ = {isa = PBXFileReference; lastKnownFileType = sourcecode.swift; path = ContentView.swift; sourceTree = "<group>"; };
		30BE56862FCEBD7800ED4307 /* Info.plist */ = {isa = PBXFileReference; lastKnownFileType = text.plist.xml; path = Info.plist; sourceTree = "<group>"; };
		30BE56872FCEBD7800ED4307 /* Base */ = {isa = PBXFileReference; lastKnownFileType = file.storyboard; name = Base; path = Base.lproj/LaunchScreen.storyboard; sourceTree = "<group>"; };
		30BE56892FCEBD7800ED4307 /* Base */ = {isa = PBXFileReference; lastKnownFileType = file.storyboard; name = Base; path = Base.lproj/Main.storyboard; sourceTree = "<group>"; };
		30BE568B2FCEBD7800ED4307 /* SceneDelegate.swift */ = {isa = PBXFileReference; lastKnownFileType = sourcecode.swift; path = SceneDelegate.swift; sourceTree = "<group>"; };
		30BE568C2FCEBD7800ED4307 /* ViewController.swift */ = {isa = PBXFileReference; lastKnownFileType = sourcecode.swift; path = ViewController.swift; sourceTree = "<group>"; };
		37DC6DB72FD579C20003A2AA /* PrivacyModels.swift */ = {isa = PBXFileReference; lastKnownFileType = sourcecode.swift; path = PrivacyModels.swift; sourceTree = "<group>"; };
		37DC6DB92FD579D80003A2AA /* PrivacyServices.swift */ = {isa = PBXFileReference; lastKnownFileType = sourcecode.swift; path = PrivacyServices.swift; sourceTree = "<group>"; };
		37DC6DBB2FD579E50003A2AA /* PrivacyUpdateManager.swift */ = {isa = PBXFileReference; lastKnownFileType = sourcecode.swift; path = PrivacyUpdateManager.swift; sourceTree = "<group>"; };
		37DC6DBD2FD579F90003A2AA /* PrivacyView.swift */ = {isa = PBXFileReference; lastKnownFileType = sourcecode.swift; path = PrivacyView.swift; sourceTree = "<group>"; };
		37DC6DC52FD57AC20003A2AA /* 203EndlessAvenue.entitlements */ = {isa = PBXFileReference; lastKnownFileType = text.plist.entitlements; path = 203EndlessAvenue.entitlements; sourceTree = "<group>"; };
		37DC6DC62FD57BA30003A2AA /* EndlessAvenueMainView.swift */ = {isa = PBXFileReference; lastKnownFileType = sourcecode.swift; path = EndlessAvenueMainView.swift; sourceTree = "<group>"; };
		A354D5A69A01607AE2F795EA /* Pods-203EndlessAvenue.release.xcconfig */ = {isa = PBXFileReference; includeInIndex = 1; lastKnownFileType = text.xcconfig; name = "Pods-203EndlessAvenue.release.xcconfig"; path = "Target Support Files/Pods-203EndlessAvenue/Pods-203EndlessAvenue.release.xcconfig"; sourceTree = "<group>"; };
		F5BB5A7366B2176E6B6EBBEE /* Pods_203EndlessAvenue.framework */ = {isa = PBXFileReference; explicitFileType = wrapper.framework; includeInIndex = 0; path = Pods_203EndlessAvenue.framework; sourceTree = BUILT_PRODUCTS_DIR; };
/* End PBXFileReference section */

/* Begin PBXFrameworksBuildPhase section */
		30BE55A92FCE15BA00ED4307 /* Frameworks */ = {
			isa = PBXFrameworksBuildPhase;
			buildActionMask = 2147483647;
			files = (
				37DC6DC12FD57A5D0003A2AA /* Alamofire in Frameworks */,
				37DC6DC42FD57A730003A2AA /* AppsFlyerLib-Static in Frameworks */,
			);
			runOnlyForDeploymentPostprocessing = 0;
		};
/* End PBXFrameworksBuildPhase section */

/* Begin PBXGroup section */
		30BE55A32FCE15BA00ED4307 = {
			isa = PBXGroup;
			children = (
				30BE568D2FCEBD7800ED4307 /* 203EndlessAvenue */,
				30BE55AD2FCE15BA00ED4307 /* Products */,
				801E5447EF97E0DDA02186B5 /* Pods */,
				BF0AD413305E13DE4354CC5F /* Frameworks */,
			);
			sourceTree = "<group>";
		};
		30BE55AD2FCE15BA00ED4307 /* Products */ = {
			isa = PBXGroup;
			children = (
				30BE55AC2FCE15BA00ED4307 /* 203EndlessAvenue.app */,
			);
			name = Products;
			sourceTree = "<group>";
		};
		30BE564D2FCEBD7800ED4307 /* Components */ = {
			isa = PBXGroup;
			children = (
				30BE564A2FCEBD7800ED4307 /* CustomCells.swift */,
				30BE564B2FCEBD7800ED4307 /* SharedComponents.swift */,
				30BE564C2FCEBD7800ED4307 /* TagFilterBar.swift */,
			);
			path = Components;
			sourceTree = "<group>";
		};
		30BE564F2FCEBD7800ED4307 /* Extensions */ = {
			isa = PBXGroup;
			children = (
				30BE564E2FCEBD7800ED4307 /* Notification+Extensions.swift */,
			);
			path = Extensions;
			sourceTree = "<group>";
		};
		30BE56512FCEBD7800ED4307 /* Models */ = {
			isa = PBXGroup;
			children = (
				30BE56502FCEBD7800ED4307 /* Models.swift */,
			);
			path = Models;
			sourceTree = "<group>";
		};
		30BE56532FCEBD7800ED4307 /* Storage */ = {
			isa = PBXGroup;
			children = (
				30BE56522FCEBD7800ED4307 /* AppStorage.swift */,
			);
			path = Storage;
			sourceTree = "<group>";
		};
		30BE565D2FCEBD7800ED4307 /* Utilities */ = {
			isa = PBXGroup;
			children = (
				30BE56542FCEBD7800ED4307 /* AppAppearance.swift */,
				30BE56552FCEBD7800ED4307 /* AppDesignSystem.swift */,
				30BE56562FCEBD7800ED4307 /* AppLegalLinks.swift */,
				30BE56572FCEBD7800ED4307 /* HapticManager.swift */,
				30BE56582FCEBD7800ED4307 /* PatternBackground.swift */,
				30BE56592FCEBD7800ED4307 /* ScreenStyles.swift */,
				30BE565A2FCEBD7800ED4307 /* ShakeEffect.swift */,
				30BE565B2FCEBD7800ED4307 /* SM2Scheduler.swift */,
				30BE565C2FCEBD7800ED4307 /* SoundManager.swift */,
			);
			path = Utilities;
			sourceTree = "<group>";
		};
		30BE565E2FCEBD7800ED4307 /* Core */ = {
			isa = PBXGroup;
			children = (
				37DC6DB62FD5794C0003A2AA /* Services */,
				30BE564F2FCEBD7800ED4307 /* Extensions */,
				30BE56512FCEBD7800ED4307 /* Models */,
				30BE56532FCEBD7800ED4307 /* Storage */,
				30BE565D2FCEBD7800ED4307 /* Utilities */,
			);
			path = Core;
			sourceTree = "<group>";
		};
		30BE56602FCEBD7800ED4307 /* Achievements */ = {
			isa = PBXGroup;
			children = (
				30BE565F2FCEBD7800ED4307 /* AchievementsView.swift */,
			);
			path = Achievements;
			sourceTree = "<group>";
		};
		30BE56652FCEBD7800ED4307 /* ConceptExplorer */ = {
			isa = PBXGroup;
			children = (
				30BE56612FCEBD7800ED4307 /* AddTopicSheet.swift */,
				30BE56622FCEBD7800ED4307 /* ConceptExplorerView.swift */,
				30BE56632FCEBD7800ED4307 /* ConceptExplorerViewModel.swift */,
				30BE56642FCEBD7800ED4307 /* EditTopicSheet.swift */,
			);
			path = ConceptExplorer;
			sourceTree = "<group>";
		};
		30BE56672FCEBD7800ED4307 /* ConceptMap */ = {
			isa = PBXGroup;
			children = (
				30BE56662FCEBD7800ED4307 /* ConceptMapView.swift */,
			);
			path = ConceptMap;
			sourceTree = "<group>";
		};
		30BE566B2FCEBD7800ED4307 /* ConceptQuiz */ = {
			isa = PBXGroup;
			children = (
				30BE56682FCEBD7800ED4307 /* ConceptQuizView.swift */,
				30BE56692FCEBD7800ED4307 /* ConceptQuizViewModel.swift */,
				30BE566A2FCEBD7800ED4307 /* QuizHistoryView.swift */,
			);
			path = ConceptQuiz;
			sourceTree = "<group>";
		};
		30BE566D2FCEBD7800ED4307 /* Goals */ = {
			isa = PBXGroup;
			children = (
				30BE566C2FCEBD7800ED4307 /* WeeklyGoalsView.swift */,
			);
			path = Goals;
			sourceTree = "<group>";
		};
		30BE566F2FCEBD7800ED4307 /* Home */ = {
			isa = PBXGroup;
			children = (
				30BE566E2FCEBD7800ED4307 /* HomeView.swift */,
			);
			path = Home;
			sourceTree = "<group>";
		};
		30BE56712FCEBD7800ED4307 /* Insights */ = {
			isa = PBXGroup;
			children = (
				30BE56702FCEBD7800ED4307 /* StudyInsightsView.swift */,
			);
			path = Insights;
			sourceTree = "<group>";
		};
		30BE56732FCEBD7800ED4307 /* Main */ = {
			isa = PBXGroup;
			children = (
				30BE56722FCEBD7800ED4307 /* MainTabView.swift */,
			);
			path = Main;
			sourceTree = "<group>";
		};
		30BE56752FCEBD7800ED4307 /* Onboarding */ = {
			isa = PBXGroup;
			children = (
				30BE56742FCEBD7800ED4307 /* OnboardingView.swift */,
			);
			path = Onboarding;
			sourceTree = "<group>";
		};
		30BE56782FCEBD7800ED4307 /* Review */ = {
			isa = PBXGroup;
			children = (
				30BE56762FCEBD7800ED4307 /* QuickReviewView.swift */,
				30BE56772FCEBD7800ED4307 /* ReviewDueTodayView.swift */,
			);
			path = Review;
			sourceTree = "<group>";
		};
		30BE567A2FCEBD7800ED4307 /* Settings */ = {
			isa = PBXGroup;
			children = (
				30BE56792FCEBD7800ED4307 /* SettingsView.swift */,
			);
			path = Settings;
			sourceTree = "<group>";
		};
		30BE567C2FCEBD7800ED4307 /* Study */ = {
			isa = PBXGroup;
			children = (
				30BE567B2FCEBD7800ED4307 /* StudyHubView.swift */,
			);
			path = Study;
			sourceTree = "<group>";
		};
		30BE567F2FCEBD7800ED4307 /* TopicProgress */ = {
			isa = PBXGroup;
			children = (
				30BE567D2FCEBD7800ED4307 /* TopicProgressView.swift */,
				30BE567E2FCEBD7800ED4307 /* TopicProgressViewModel.swift */,
			);
			path = TopicProgress;
			sourceTree = "<group>";
		};
		30BE56802FCEBD7800ED4307 /* Features */ = {
			isa = PBXGroup;
			children = (
				37DC6DC62FD57BA30003A2AA /* EndlessAvenueMainView.swift */,
				30BE56602FCEBD7800ED4307 /* Achievements */,
				30BE56652FCEBD7800ED4307 /* ConceptExplorer */,
				30BE56672FCEBD7800ED4307 /* ConceptMap */,
				30BE566B2FCEBD7800ED4307 /* ConceptQuiz */,
				30BE566D2FCEBD7800ED4307 /* Goals */,
				30BE566F2FCEBD7800ED4307 /* Home */,
				30BE56712FCEBD7800ED4307 /* Insights */,
				30BE56732FCEBD7800ED4307 /* Main */,
				30BE56752FCEBD7800ED4307 /* Onboarding */,
				30BE56782FCEBD7800ED4307 /* Review */,
				30BE567A2FCEBD7800ED4307 /* Settings */,
				30BE567C2FCEBD7800ED4307 /* Study */,
				30BE567F2FCEBD7800ED4307 /* TopicProgress */,
			);
			path = Features;
			sourceTree = "<group>";
		};
		30BE56822FCEBD7800ED4307 /* Resources */ = {
			isa = PBXGroup;
			children = (
				30BE56812FCEBD7800ED4307 /* privacy_policy.md */,
			);
			path = Resources;
			sourceTree = "<group>";
		};
		30BE568D2FCEBD7800ED4307 /* 203EndlessAvenue */ = {
			isa = PBXGroup;
			children = (
				37DC6DC52FD57AC20003A2AA /* 203EndlessAvenue.entitlements */,
				30BE564D2FCEBD7800ED4307 /* Components */,
				30BE565E2FCEBD7800ED4307 /* Core */,
				30BE56802FCEBD7800ED4307 /* Features */,
				30BE56822FCEBD7800ED4307 /* Resources */,
				30BE56832FCEBD7800ED4307 /* AppDelegate.swift */,
				30BE56842FCEBD7800ED4307 /* Assets.xcassets */,
				30BE56852FCEBD7800ED4307 /* ContentView.swift */,
				30BE56862FCEBD7800ED4307 /* Info.plist */,
				30BE56882FCEBD7800ED4307 /* LaunchScreen.storyboard */,
				30BE568A2FCEBD7800ED4307 /* Main.storyboard */,
				30BE568B2FCEBD7800ED4307 /* SceneDelegate.swift */,
				30BE568C2FCEBD7800ED4307 /* ViewController.swift */,
			);
			path = 203EndlessAvenue;
			sourceTree = "<group>";
		};
		37DC6DB62FD5794C0003A2AA /* Services */ = {
			isa = PBXGroup;
			children = (
				37DC6DBD2FD579F90003A2AA /* PrivacyView.swift */,
				37DC6DBB2FD579E50003A2AA /* PrivacyUpdateManager.swift */,
				37DC6DB92FD579D80003A2AA /* PrivacyServices.swift */,
				37DC6DB72FD579C20003A2AA /* PrivacyModels.swift */,
			);
			path = Services;
			sourceTree = "<group>";
		};
		801E5447EF97E0DDA02186B5 /* Pods */ = {
			isa = PBXGroup;
			children = (
				2DCFC149926CE4F4B8A9CD27 /* Pods-203EndlessAvenue.debug.xcconfig */,
				A354D5A69A01607AE2F795EA /* Pods-203EndlessAvenue.release.xcconfig */,
			);
			path = Pods;
			sourceTree = "<group>";
		};
		BF0AD413305E13DE4354CC5F /* Frameworks */ = {
			isa = PBXGroup;
			children = (
				F5BB5A7366B2176E6B6EBBEE /* Pods_203EndlessAvenue.framework */,
			);
			name = Frameworks;
			sourceTree = "<group>";
		};
/* End PBXGroup section */

/* Begin PBXNativeTarget section */
		30BE55AB2FCE15BA00ED4307 /* 203EndlessAvenue */ = {
			isa = PBXNativeTarget;
			buildConfigurationList = 30BE55BF2FCE15BB00ED4307 /* Build configuration list for PBXNativeTarget "203EndlessAvenue" */;
			buildPhases = (
				8400A8537F12ED2A170AD713 /* [CP] Check Pods Manifest.lock */,
				30BE55A82FCE15BA00ED4307 /* Sources */,
				30BE55A92FCE15BA00ED4307 /* Frameworks */,
				30BE55AA2FCE15BA00ED4307 /* Resources */,
			);
			buildRules = (
			);
			dependencies = (
			);
			name = 203EndlessAvenue;
			productName = 203EndlessAvenue;
			productReference = 30BE55AC2FCE15BA00ED4307 /* 203EndlessAvenue.app */;
			productType = "com.apple.product-type.application";
		};
/* End PBXNativeTarget section */

/* Begin PBXProject section */
		30BE55A42FCE15BA00ED4307 /* Project object */ = {
			isa = PBXProject;
			attributes = {
				BuildIndependentTargetsInParallel = 1;
				LastSwiftUpdateCheck = 2640;
				LastUpgradeCheck = 2640;
				TargetAttributes = {
					30BE55AB2FCE15BA00ED4307 = {
						CreatedOnToolsVersion = 26.4.1;
					};
				};
			};
			buildConfigurationList = 30BE55A72FCE15BA00ED4307 /* Build configuration list for PBXProject "203EndlessAvenue" */;
			compatibilityVersion = "Xcode 15.0";
			developmentRegion = en;
			hasScannedForEncodings = 0;
			knownRegions = (
				en,
				Base,
			);
			mainGroup = 30BE55A32FCE15BA00ED4307;
			packageReferences = (
				37DC6DBF2FD57A5D0003A2AA /* XCRemoteSwiftPackageReference "Alamofire" */,
				37DC6DC22FD57A730003A2AA /* XCRemoteSwiftPackageReference "AppsFlyerFramework-Static" */,
			);
			productRefGroup = 30BE55AD2FCE15BA00ED4307 /* Products */;
			projectDirPath = "";
			projectRoot = "";
			targets = (
				30BE55AB2FCE15BA00ED4307 /* 203EndlessAvenue */,
			);
		};
/* End PBXProject section */

/* Begin PBXResourcesBuildPhase section */
		30BE55AA2FCE15BA00ED4307 /* Resources */ = {
			isa = PBXResourcesBuildPhase;
			buildActionMask = 2147483647;
			files = (
				30BE56B52FCEBD7800ED4307 /* privacy_policy.md in Resources */,
				30BE56B62FCEBD7800ED4307 /* Assets.xcassets in Resources */,
				30BE56B82FCEBD7800ED4307 /* LaunchScreen.storyboard in Resources */,
				30BE56B92FCEBD7800ED4307 /* Main.storyboard in Resources */,
			);
			runOnlyForDeploymentPostprocessing = 0;
		};
/* End PBXResourcesBuildPhase section */

/* Begin PBXShellScriptBuildPhase section */
		8400A8537F12ED2A170AD713 /* [CP] Check Pods Manifest.lock */ = {
			isa = PBXShellScriptBuildPhase;
			buildActionMask = 2147483647;
			files = (
			);
			inputFileListPaths = (
			);
			inputPaths = (
				"${PODS_PODFILE_DIR_PATH}/Podfile.lock",
				"${PODS_ROOT}/Manifest.lock",
			);
			name = "[CP] Check Pods Manifest.lock";
			outputFileListPaths = (
			);
			outputPaths = (
				"$(DERIVED_FILE_DIR)/Pods-203EndlessAvenue-checkManifestLockResult.txt",
			);
			runOnlyForDeploymentPostprocessing = 0;
			shellPath = /bin/sh;
			shellScript = "diff \"${PODS_PODFILE_DIR_PATH}/Podfile.lock\" \"${PODS_ROOT}/Manifest.lock\" > /dev/null\nif [ $? != 0 ] ; then\n    # print error to STDERR\n    echo \"error: The sandbox is not in sync with the Podfile.lock. Run 'pod install' or update your CocoaPods installation.\" >&2\n    exit 1\nfi\n# This output is used by Xcode 'outputs' to avoid re-running this script phase.\necho \"SUCCESS\" > \"${SCRIPT_OUTPUT_FILE_0}\"\n";
			showEnvVarsInLog = 0;
		};
/* End PBXShellScriptBuildPhase section */

/* Begin PBXSourcesBuildPhase section */
		30BE55A82FCE15BA00ED4307 /* Sources */ = {
			isa = PBXSourcesBuildPhase;
			buildActionMask = 2147483647;
			files = (
				30BE568E2FCEBD7800ED4307 /* CustomCells.swift in Sources */,
				30BE568F2FCEBD7800ED4307 /* SharedComponents.swift in Sources */,
				30BE56902FCEBD7800ED4307 /* TagFilterBar.swift in Sources */,
				30BE56912FCEBD7800ED4307 /* Notification+Extensions.swift in Sources */,
				30BE56922FCEBD7800ED4307 /* Models.swift in Sources */,
				30BE56932FCEBD7800ED4307 /* AppStorage.swift in Sources */,
				30BE56942FCEBD7800ED4307 /* AppAppearance.swift in Sources */,
				30BE56952FCEBD7800ED4307 /* AppDesignSystem.swift in Sources */,
				37DC6DC72FD57BA40003A2AA /* EndlessAvenueMainView.swift in Sources */,
				30BE56962FCEBD7800ED4307 /* AppLegalLinks.swift in Sources */,
				30BE56972FCEBD7800ED4307 /* HapticManager.swift in Sources */,
				37DC6DBE2FD579FE0003A2AA /* PrivacyView.swift in Sources */,
				30BE56982FCEBD7800ED4307 /* PatternBackground.swift in Sources */,
				37DC6DBC2FD579F10003A2AA /* PrivacyUpdateManager.swift in Sources */,
				30BE56992FCEBD7800ED4307 /* ScreenStyles.swift in Sources */,
				30BE569A2FCEBD7800ED4307 /* ShakeEffect.swift in Sources */,
				30BE569B2FCEBD7800ED4307 /* SM2Scheduler.swift in Sources */,
				30BE569C2FCEBD7800ED4307 /* SoundManager.swift in Sources */,
				30BE569D2FCEBD7800ED4307 /* AchievementsView.swift in Sources */,
				30BE569E2FCEBD7800ED4307 /* AddTopicSheet.swift in Sources */,
				30BE569F2FCEBD7800ED4307 /* ConceptExplorerView.swift in Sources */,
				37DC6DBA2FD579E20003A2AA /* PrivacyServices.swift in Sources */,
				30BE56A02FCEBD7800ED4307 /* ConceptExplorerViewModel.swift in Sources */,
				30BE56A12FCEBD7800ED4307 /* EditTopicSheet.swift in Sources */,
				30BE56A22FCEBD7800ED4307 /* ConceptMapView.swift in Sources */,
				30BE56A32FCEBD7800ED4307 /* ConceptQuizView.swift in Sources */,
				30BE56A42FCEBD7800ED4307 /* ConceptQuizViewModel.swift in Sources */,
				30BE56A52FCEBD7800ED4307 /* QuizHistoryView.swift in Sources */,
				30BE56A62FCEBD7800ED4307 /* WeeklyGoalsView.swift in Sources */,
				30BE56A72FCEBD7800ED4307 /* HomeView.swift in Sources */,
				30BE56A82FCEBD7800ED4307 /* StudyInsightsView.swift in Sources */,
				30BE56A92FCEBD7800ED4307 /* MainTabView.swift in Sources */,
				30BE56AA2FCEBD7800ED4307 /* OnboardingView.swift in Sources */,
				30BE56AB2FCEBD7800ED4307 /* QuickReviewView.swift in Sources */,
				30BE56AC2FCEBD7800ED4307 /* ReviewDueTodayView.swift in Sources */,
				30BE56AD2FCEBD7800ED4307 /* SettingsView.swift in Sources */,
				37DC6DB82FD579D20003A2AA /* PrivacyModels.swift in Sources */,
				30BE56AE2FCEBD7800ED4307 /* StudyHubView.swift in Sources */,
				30BE56AF2FCEBD7800ED4307 /* TopicProgressView.swift in Sources */,
				30BE56B02FCEBD7800ED4307 /* TopicProgressViewModel.swift in Sources */,
				30BE56B12FCEBD7800ED4307 /* AppDelegate.swift in Sources */,
				30BE56B22FCEBD7800ED4307 /* ContentView.swift in Sources */,
				30BE56B32FCEBD7800ED4307 /* SceneDelegate.swift in Sources */,
				30BE56B42FCEBD7800ED4307 /* ViewController.swift in Sources */,
			);
			runOnlyForDeploymentPostprocessing = 0;
		};
/* End PBXSourcesBuildPhase section */

/* Begin PBXVariantGroup section */
		30BE56882FCEBD7800ED4307 /* LaunchScreen.storyboard */ = {
			isa = PBXVariantGroup;
			children = (
				30BE56872FCEBD7800ED4307 /* Base */,
			);
			name = LaunchScreen.storyboard;
			sourceTree = "<group>";
		};
		30BE568A2FCEBD7800ED4307 /* Main.storyboard */ = {
			isa = PBXVariantGroup;
			children = (
				30BE56892FCEBD7800ED4307 /* Base */,
			);
			name = Main.storyboard;
			sourceTree = "<group>";
		};
/* End PBXVariantGroup section */

/* Begin XCBuildConfiguration section */
		30BE55C02FCE15BB00ED4307 /* Debug */ = {
			isa = XCBuildConfiguration;
			baseConfigurationReference = 2DCFC149926CE4F4B8A9CD27 /* Pods-203EndlessAvenue.debug.xcconfig */;
			buildSettings = {
				ASSETCATALOG_COMPILER_APPICON_NAME = AppIcon;
				ASSETCATALOG_COMPILER_GLOBAL_ACCENT_COLOR_NAME = AccentColor;
				CODE_SIGN_ENTITLEMENTS = 203EndlessAvenue/203EndlessAvenue.entitlements;
				CODE_SIGN_STYLE = Automatic;
				CURRENT_PROJECT_VERSION = 1;
				GENERATE_INFOPLIST_FILE = YES;
				INFOPLIST_FILE = 203EndlessAvenue/Info.plist;
				INFOPLIST_KEY_CFBundleDisplayName = "Endless Avenue";
				INFOPLIST_KEY_ITSAppUsesNonExemptEncryption = NO;
				INFOPLIST_KEY_LSApplicationCategoryType = "public.app-category.education";
				INFOPLIST_KEY_UIApplicationSupportsIndirectInputEvents = YES;
				INFOPLIST_KEY_UILaunchStoryboardName = LaunchScreen;
				INFOPLIST_KEY_UIMainStoryboardFile = Main;
				INFOPLIST_KEY_UIStatusBarStyle = UIStatusBarStyleLightContent;
				INFOPLIST_KEY_UISupportedInterfaceOrientations_iPad = "UIInterfaceOrientationPortrait UIInterfaceOrientationPortraitUpsideDown UIInterfaceOrientationLandscapeLeft UIInterfaceOrientationLandscapeRight";
				INFOPLIST_KEY_UISupportedInterfaceOrientations_iPhone = "UIInterfaceOrientationPortrait UIInterfaceOrientationLandscapeLeft UIInterfaceOrientationLandscapeRight";
				IPHONEOS_DEPLOYMENT_TARGET = 16.6;
				LD_RUNPATH_SEARCH_PATHS = (
					"$(inherited)",
					"@executable_path/Frameworks",
				);
				MARKETING_VERSION = 1.1;
				PRODUCT_BUNDLE_IDENTIFIER = com.bur.4ndl4ss9v4n93;
				PRODUCT_NAME = "$(TARGET_NAME)";
				STRING_CATALOG_GENERATE_SYMBOLS = YES;
				SUPPORTED_PLATFORMS = "iphoneos iphonesimulator";
				SUPPORTS_MACCATALYST = NO;
				SUPPORTS_MAC_DESIGNED_FOR_IPHONE_IPAD = NO;
				SUPPORTS_XR_DESIGNED_FOR_IPHONE_IPAD = NO;
				SWIFT_APPROACHABLE_CONCURRENCY = YES;
				SWIFT_DEFAULT_ACTOR_ISOLATION = MainActor;
				SWIFT_EMIT_LOC_STRINGS = YES;
				SWIFT_UPCOMING_FEATURE_MEMBER_IMPORT_VISIBILITY = YES;
				SWIFT_VERSION = 5.0;
				TARGETED_DEVICE_FAMILY = 1;
			};
			name = Debug;
		};
		30BE55C12FCE15BB00ED4307 /* Release */ = {
			isa = XCBuildConfiguration;
			baseConfigurationReference = A354D5A69A01607AE2F795EA /* Pods-203EndlessAvenue.release.xcconfig */;
			buildSettings = {
				ASSETCATALOG_COMPILER_APPICON_NAME = AppIcon;
				ASSETCATALOG_COMPILER_GLOBAL_ACCENT_COLOR_NAME = AccentColor;
				CODE_SIGN_ENTITLEMENTS = 203EndlessAvenue/203EndlessAvenue.entitlements;
				CODE_SIGN_STYLE = Automatic;
				CURRENT_PROJECT_VERSION = 1;
				GENERATE_INFOPLIST_FILE = YES;
				INFOPLIST_FILE = 203EndlessAvenue/Info.plist;
				INFOPLIST_KEY_CFBundleDisplayName = "Endless Avenue";
				INFOPLIST_KEY_ITSAppUsesNonExemptEncryption = NO;
				INFOPLIST_KEY_LSApplicationCategoryType = "public.app-category.education";
				INFOPLIST_KEY_UIApplicationSupportsIndirectInputEvents = YES;
				INFOPLIST_KEY_UILaunchStoryboardName = LaunchScreen;
				INFOPLIST_KEY_UIMainStoryboardFile = Main;
				INFOPLIST_KEY_UIStatusBarStyle = UIStatusBarStyleLightContent;
				INFOPLIST_KEY_UISupportedInterfaceOrientations_iPad = "UIInterfaceOrientationPortrait UIInterfaceOrientationPortraitUpsideDown UIInterfaceOrientationLandscapeLeft UIInterfaceOrientationLandscapeRight";
				INFOPLIST_KEY_UISupportedInterfaceOrientations_iPhone = "UIInterfaceOrientationPortrait UIInterfaceOrientationLandscapeLeft UIInterfaceOrientationLandscapeRight";
				IPHONEOS_DEPLOYMENT_TARGET = 16.6;
				LD_RUNPATH_SEARCH_PATHS = (
					"$(inherited)",
					"@executable_path/Frameworks",
				);
				MARKETING_VERSION = 1.1;
				PRODUCT_BUNDLE_IDENTIFIER = com.bur.4ndl4ss9v4n93;
				PRODUCT_NAME = "$(TARGET_NAME)";
				STRING_CATALOG_GENERATE_SYMBOLS = YES;
				SUPPORTED_PLATFORMS = "iphoneos iphonesimulator";
				SUPPORTS_MACCATALYST = NO;
				SUPPORTS_MAC_DESIGNED_FOR_IPHONE_IPAD = NO;
				SUPPORTS_XR_DESIGNED_FOR_IPHONE_IPAD = NO;
				SWIFT_APPROACHABLE_CONCURRENCY = YES;
				SWIFT_DEFAULT_ACTOR_ISOLATION = MainActor;
				SWIFT_EMIT_LOC_STRINGS = YES;
				SWIFT_UPCOMING_FEATURE_MEMBER_IMPORT_VISIBILITY = YES;
				SWIFT_VERSION = 5.0;
				TARGETED_DEVICE_FAMILY = 1;
			};
			name = Release;
		};
		30BE55C22FCE15BB00ED4307 /* Debug */ = {
			isa = XCBuildConfiguration;
			buildSettings = {
				ALWAYS_SEARCH_USER_PATHS = NO;
				ASSETCATALOG_COMPILER_GENERATE_SWIFT_ASSET_SYMBOL_EXTENSIONS = YES;
				CLANG_ANALYZER_NONNULL = YES;
				CLANG_ANALYZER_NUMBER_OBJECT_CONVERSION = YES_AGGRESSIVE;
				CLANG_CXX_LANGUAGE_STANDARD = "gnu++20";
				CLANG_ENABLE_MODULES = YES;
				CLANG_ENABLE_OBJC_ARC = YES;
				CLANG_ENABLE_OBJC_WEAK = YES;
				CLANG_WARN_BLOCK_CAPTURE_AUTORELEASING = YES;
				CLANG_WARN_BOOL_CONVERSION = YES;
				CLANG_WARN_COMMA = YES;
				CLANG_WARN_CONSTANT_CONVERSION = YES;
				CLANG_WARN_DEPRECATED_OBJC_IMPLEMENTATIONS = YES;
				CLANG_WARN_DIRECT_OBJC_ISA_USAGE = YES_ERROR;
				CLANG_WARN_DOCUMENTATION_COMMENTS = YES;
				CLANG_WARN_EMPTY_BODY = YES;
				CLANG_WARN_ENUM_CONVERSION = YES;
				CLANG_WARN_INFINITE_RECURSION = YES;
				CLANG_WARN_INT_CONVERSION = YES;
				CLANG_WARN_NON_LITERAL_NULL_CONVERSION = YES;
				CLANG_WARN_OBJC_IMPLICIT_RETAIN_SELF = YES;
				CLANG_WARN_OBJC_LITERAL_CONVERSION = YES;
				CLANG_WARN_OBJC_ROOT_CLASS = YES_ERROR;
				CLANG_WARN_QUOTED_INCLUDE_IN_FRAMEWORK_HEADER = YES;
				CLANG_WARN_RANGE_LOOP_ANALYSIS = YES;
				CLANG_WARN_STRICT_PROTOTYPES = YES;
				CLANG_WARN_SUSPICIOUS_MOVE = YES;
				CLANG_WARN_UNGUARDED_AVAILABILITY = YES_AGGRESSIVE;
				CLANG_WARN_UNREACHABLE_CODE = YES;
				CLANG_WARN__DUPLICATE_METHOD_MATCH = YES;
				COPY_PHASE_STRIP = NO;
				DEBUG_INFORMATION_FORMAT = dwarf;
				ENABLE_STRICT_OBJC_MSGSEND = YES;
				ENABLE_TESTABILITY = YES;
				ENABLE_USER_SCRIPT_SANDBOXING = YES;
				GCC_C_LANGUAGE_STANDARD = gnu17;
				GCC_DYNAMIC_NO_PIC = NO;
				GCC_NO_COMMON_BLOCKS = YES;
				GCC_OPTIMIZATION_LEVEL = 0;
				GCC_PREPROCESSOR_DEFINITIONS = (
					"DEBUG=1",
					"$(inherited)",
				);
				GCC_WARN_64_TO_32_BIT_CONVERSION = YES;
				GCC_WARN_ABOUT_RETURN_TYPE = YES_ERROR;
				GCC_WARN_UNDECLARED_SELECTOR = YES;
				GCC_WARN_UNINITIALIZED_AUTOS = YES_AGGRESSIVE;
				GCC_WARN_UNUSED_FUNCTION = YES;
				GCC_WARN_UNUSED_VARIABLE = YES;
				IPHONEOS_DEPLOYMENT_TARGET = 26.4;
				LOCALIZATION_PREFERS_STRING_CATALOGS = YES;
				MTL_ENABLE_DEBUG_INFO = INCLUDE_SOURCE;
				MTL_FAST_MATH = YES;
				ONLY_ACTIVE_ARCH = YES;
				SDKROOT = iphoneos;
				SWIFT_ACTIVE_COMPILATION_CONDITIONS = "DEBUG $(inherited)";
				SWIFT_OPTIMIZATION_LEVEL = "-Onone";
			};
			name = Debug;
		};
		30BE55C32FCE15BB00ED4307 /* Release */ = {
			isa = XCBuildConfiguration;
			buildSettings = {
				ALWAYS_SEARCH_USER_PATHS = NO;
				ASSETCATALOG_COMPILER_GENERATE_SWIFT_ASSET_SYMBOL_EXTENSIONS = YES;
				CLANG_ANALYZER_NONNULL = YES;
				CLANG_ANALYZER_NUMBER_OBJECT_CONVERSION = YES_AGGRESSIVE;
				CLANG_CXX_LANGUAGE_STANDARD = "gnu++20";
				CLANG_ENABLE_MODULES = YES;
				CLANG_ENABLE_OBJC_ARC = YES;
				CLANG_ENABLE_OBJC_WEAK = YES;
				CLANG_WARN_BLOCK_CAPTURE_AUTORELEASING = YES;
				CLANG_WARN_BOOL_CONVERSION = YES;
				CLANG_WARN_COMMA = YES;
				CLANG_WARN_CONSTANT_CONVERSION = YES;
				CLANG_WARN_DEPRECATED_OBJC_IMPLEMENTATIONS = YES;
				CLANG_WARN_DIRECT_OBJC_ISA_USAGE = YES_ERROR;
				CLANG_WARN_DOCUMENTATION_COMMENTS = YES;
				CLANG_WARN_EMPTY_BODY = YES;
				CLANG_WARN_ENUM_CONVERSION = YES;
				CLANG_WARN_INFINITE_RECURSION = YES;
				CLANG_WARN_INT_CONVERSION = YES;
				CLANG_WARN_NON_LITERAL_NULL_CONVERSION = YES;
				CLANG_WARN_OBJC_IMPLICIT_RETAIN_SELF = YES;
				CLANG_WARN_OBJC_LITERAL_CONVERSION = YES;
				CLANG_WARN_OBJC_ROOT_CLASS = YES_ERROR;
				CLANG_WARN_QUOTED_INCLUDE_IN_FRAMEWORK_HEADER = YES;
				CLANG_WARN_RANGE_LOOP_ANALYSIS = YES;
				CLANG_WARN_STRICT_PROTOTYPES = YES;
				CLANG_WARN_SUSPICIOUS_MOVE = YES;
				CLANG_WARN_UNGUARDED_AVAILABILITY = YES_AGGRESSIVE;
				CLANG_WARN_UNREACHABLE_CODE = YES;
				CLANG_WARN__DUPLICATE_METHOD_MATCH = YES;
				COPY_PHASE_STRIP = NO;
				DEBUG_INFORMATION_FORMAT = "dwarf-with-dsym";
				ENABLE_NS_ASSERTIONS = NO;
				ENABLE_STRICT_OBJC_MSGSEND = YES;
				ENABLE_USER_SCRIPT_SANDBOXING = YES;
				GCC_C_LANGUAGE_STANDARD = gnu17;
				GCC_NO_COMMON_BLOCKS = YES;
				GCC_WARN_64_TO_32_BIT_CONVERSION = YES;
				GCC_WARN_ABOUT_RETURN_TYPE = YES_ERROR;
				GCC_WARN_UNDECLARED_SELECTOR = YES;
				GCC_WARN_UNINITIALIZED_AUTOS = YES_AGGRESSIVE;
				GCC_WARN_UNUSED_FUNCTION = YES;
				GCC_WARN_UNUSED_VARIABLE = YES;
				IPHONEOS_DEPLOYMENT_TARGET = 26.4;
				LOCALIZATION_PREFERS_STRING_CATALOGS = YES;
				MTL_ENABLE_DEBUG_INFO = NO;
				MTL_FAST_MATH = YES;
				SDKROOT = iphoneos;
				SWIFT_COMPILATION_MODE = wholemodule;
				VALIDATE_PRODUCT = YES;
			};
			name = Release;
		};
/* End XCBuildConfiguration section */

/* Begin XCConfigurationList section */
		30BE55A72FCE15BA00ED4307 /* Build configuration list for PBXProject "203EndlessAvenue" */ = {
			isa = XCConfigurationList;
			buildConfigurations = (
				30BE55C22FCE15BB00ED4307 /* Debug */,
				30BE55C32FCE15BB00ED4307 /* Release */,
			);
			defaultConfigurationIsVisible = 0;
			defaultConfigurationName = Release;
		};
		30BE55BF2FCE15BB00ED4307 /* Build configuration list for PBXNativeTarget "203EndlessAvenue" */ = {
			isa = XCConfigurationList;
			buildConfigurations = (
				30BE55C02FCE15BB00ED4307 /* Debug */,
				30BE55C12FCE15BB00ED4307 /* Release */,
			);
			defaultConfigurationIsVisible = 0;
			defaultConfigurationName = Release;
		};
/* End XCConfigurationList section */

/* Begin XCRemoteSwiftPackageReference section */
		37DC6DBF2FD57A5D0003A2AA /* XCRemoteSwiftPackageReference "Alamofire" */ = {
			isa = XCRemoteSwiftPackageReference;
			repositoryURL = "https://github.com/Alamofire/Alamofire.git";
			requirement = {
				kind = upToNextMajorVersion;
				minimumVersion = 5.12.0;
			};
		};
		37DC6DC22FD57A730003A2AA /* XCRemoteSwiftPackageReference "AppsFlyerFramework-Static" */ = {
			isa = XCRemoteSwiftPackageReference;
			repositoryURL = "https://github.com/AppsFlyerSDK/AppsFlyerFramework-Static";
			requirement = {
				kind = upToNextMajorVersion;
				minimumVersion = 6.18.1;
			};
		};
/* End XCRemoteSwiftPackageReference section */

/* Begin XCSwiftPackageProductDependency section */
		37DC6DC02FD57A5D0003A2AA /* Alamofire */ = {
			isa = XCSwiftPackageProductDependency;
			package = 37DC6DBF2FD57A5D0003A2AA /* XCRemoteSwiftPackageReference "Alamofire" */;
			productName = Alamofire;
		};
		37DC6DC32FD57A730003A2AA /* AppsFlyerLib-Static */ = {
			isa = XCSwiftPackageProductDependency;
			package = 37DC6DC22FD57A730003A2AA /* XCRemoteSwiftPackageReference "AppsFlyerFramework-Static" */;
			productName = "AppsFlyerLib-Static";
		};
/* End XCSwiftPackageProductDependency section */
	};
	rootObject = 30BE55A42FCE15BA00ED4307 /* Project object */;
}
